
Microsoft Visual Studio Solution File, Format Version 12.00
# Visual Studio Version 17
VisualStudioVersion = 17.4.32804.182
MinimumVisualStudioVersion = 10.0.40219.1
Project("{9A19103F-16F7-4668-BE54-9A1E7A4F7556}") = "ProjectCodeX", "ProjectCodeX\ProjectCodeX.csproj", "{19097AC7-BAE7-4652-A03C-45D3B35FB85B}"
EndProject
Project("{00D1A9C2-B5F0-4AF3-8072-F6C62B433612}") = "ProjectCodeXDatabase", "ProjectCodeXDatabase\ProjectCodeXDatabase.sqlproj", "{814C87D9-B94C-4381-B9F5-322FFFC671D2}"
EndProject
Project("{9A19103F-16F7-4668-BE54-9A1E7A4F7556}") = "DataAccess", "DataAccess\DataAccess.csproj", "{10C71C19-CD45-475C-A9FD-C9B0F6C45302}"
EndProject
Global
	GlobalSection(SolutionConfigurationPlatforms) = preSolution
		Debug|Any CPU = Debug|Any CPU
		Release|Any CPU = Release|Any CPU
	EndGlobalSection
	GlobalSection(ProjectConfigurationPlatforms) = postSolution
		{19097AC7-BAE7-4652-A03C-45D3B35FB85B}.Debug|Any CPU.ActiveCfg = Debug|Any CPU
		{19097AC7-BAE7-4652-A03C-45D3B35FB85B}.Debug|Any CPU.Build.0 = Debug|Any CPU
		{19097AC7-BAE7-4652-A03C-45D3B35FB85B}.Release|Any CPU.ActiveCfg = Release|Any CPU
		{19097AC7-BAE7-4652-A03C-45D3B35FB85B}.Release|Any CPU.Build.0 = Release|Any CPU
		{814C87D9-B94C-4381-B9F5-322FFFC671D2}.Debug|Any CPU.ActiveCfg = Debug|Any CPU
		{814C87D9-B94C-4381-B9F5-322FFFC671D2}.Debug|Any CPU.Build.0 = Debug|Any CPU
		{814C87D9-B94C-4381-B9F5-322FFFC671D2}.Debug|Any CPU.Deploy.0 = Debug|Any CPU
		{814C87D9-B94C-4381-B9F5-322FFFC671D2}.Release|Any CPU.ActiveCfg = Release|Any CPU
		{814C87D9-B94C-4381-B9F5-322FFFC671D2}.Release|Any CPU.Build.0 = Release|Any CPU
		{814C87D9-B94C-4381-B9F5-322FFFC671D2}.Release|Any CPU.Deploy.0 = Release|Any CPU
		{10C71C19-CD45-475C-A9FD-C9B0F6C45302}.Debug|Any CPU.ActiveCfg = Debug|Any CPU
		{10C71C19-CD45-475C-A9FD-C9B0F6C45302}.Debug|Any CPU.Build.0 = Debug|Any CPU
		{10C71C19-CD45-475C-A9FD-C9B0F6C45302}.Release|Any CPU.ActiveCfg = Release|Any CPU
		{10C71C19-CD45-475C-A9FD-C9B0F6C45302}.Release|Any CPU.Build.0 = Release|Any CPU
	EndGlobalSection
	GlobalSection(SolutionProperties) = preSolution
		HideSolutionNode = FALSE
	EndGlobalSection
	GlobalSection(ExtensibilityGlobals) = postSolution
		SolutionGuid = {E811D0E7-C102-410E-AAB0-864A166DAF5D}
	EndGlobalSection
EndGlobal
